
Microsoft Visual Studio Solution File, Format Version 12.00
# Visual Studio 2012
Project("{FAE04EC0-301F-11D3-BF4B-00C04F79EFBC}") = "Mysoft.Common", "Mysoft.Common\Mysoft.Common.csproj", "{4E63B27E-CF3B-4FDB-B9A4-BC03BDC48DF5}"
EndProject
Project("{FAE04EC0-301F-11D3-BF4B-00C04F79EFBC}") = "Mysoft.Business", "Mysoft.Business\Mysoft.Business.csproj", "{2ADFEF3D-262B-4483-BC4D-C61BAB70DB30}"
EndProject
Project("{FAE04EC0-301F-11D3-BF4B-00C04F79EFBC}") = "Mysoft.Business.Validation", "Mysoft.Business.Validation\Mysoft.Business.Validation.csproj", "{A685CCB6-29A4-4FC6-84FF-69F0EF2A7B28}"
EndProject
Project("{FAE04EC0-301F-11D3-BF4B-00C04F79EFBC}") = "Mysoft.Business.Validation.UnitTest", "Mysoft.Business.Validation.UnitTest\Mysoft.Business.Validation.UnitTest.csproj", "{EAF047E8-A3EC-4F09-B215-CB7605B5ED4E}"
EndProject
Project("{FAE04EC0-301F-11D3-BF4B-00C04F79EFBC}") = "WinFormsUI", "WinFormsUI\WinFormsUI.csproj", "{C75532C4-765B-418E-B09B-46D36B2ABDB1}"
EndProject
Project("{FAE04EC0-301F-11D3-BF4B-00C04F79EFBC}") = "SCide", "SCide\SCide.csproj", "{FB3E07AB-E0FA-4122-BE64-BFFEF510201B}"
EndProject
Project("{FAE04EC0-301F-11D3-BF4B-00C04F79EFBC}") = "ScintillaNET", "ScintillaNET\ScintillaNET.csproj", "{F9B6DABD-BBC1-4638-8CE6-A5C9506BFDCB}"
EndProject
Project("{FAE04EC0-301F-11D3-BF4B-00C04F79EFBC}") = "Update", "Update\Update.csproj", "{3F81C765-97F4-4369-845D-2E8F2A801A33}"
EndProject
Project("{FAE04EC0-301F-11D3-BF4B-00C04F79EFBC}") = "Mysoft.Common.UnitTest", "Mysoft.Common.UnitTest\Mysoft.Common.UnitTest.csproj", "{11F40A2E-732B-49B0-ACF4-8C96FA247BEE}"
EndProject
Project("{FAE04EC0-301F-11D3-BF4B-00C04F79EFBC}") = "MyControlCreator", "MyControlCreator\MyControlCreator.csproj", "{E5244985-6434-4EBC-A8B9-70CF181C6295}"
EndProject
Project("{FAE04EC0-301F-11D3-BF4B-00C04F79EFBC}") = "MyControlCreator.Tests", "MyControlCreator.Tests\MyControlCreator.Tests.csproj", "{F113884B-523D-4EEC-A840-2C7297F51E37}"
EndProject
Global
	GlobalSection(SolutionConfigurationPlatforms) = preSolution
		Debug_VS2010|Any CPU = Debug_VS2010|Any CPU
		Debug|Any CPU = Debug|Any CPU
		Release_VS2010|Any CPU = Release_VS2010|Any CPU
		Release|Any CPU = Release|Any CPU
	EndGlobalSection
	GlobalSection(ProjectConfigurationPlatforms) = postSolution
		{4E63B27E-CF3B-4FDB-B9A4-BC03BDC48DF5}.Debug_VS2010|Any CPU.ActiveCfg = Debug|Any CPU
		{4E63B27E-CF3B-4FDB-B9A4-BC03BDC48DF5}.Debug_VS2010|Any CPU.Build.0 = Debug|Any CPU
		{4E63B27E-CF3B-4FDB-B9A4-BC03BDC48DF5}.Debug|Any CPU.ActiveCfg = Debug|Any CPU
		{4E63B27E-CF3B-4FDB-B9A4-BC03BDC48DF5}.Debug|Any CPU.Build.0 = Debug|Any CPU
		{4E63B27E-CF3B-4FDB-B9A4-BC03BDC48DF5}.Release_VS2010|Any CPU.ActiveCfg = Release|Any CPU
		{4E63B27E-CF3B-4FDB-B9A4-BC03BDC48DF5}.Release_VS2010|Any CPU.Build.0 = Release|Any CPU
		{4E63B27E-CF3B-4FDB-B9A4-BC03BDC48DF5}.Release|Any CPU.ActiveCfg = Release|Any CPU
		{4E63B27E-CF3B-4FDB-B9A4-BC03BDC48DF5}.Release|Any CPU.Build.0 = Release|Any CPU
		{2ADFEF3D-262B-4483-BC4D-C61BAB70DB30}.Debug_VS2010|Any CPU.ActiveCfg = Debug|Any CPU
		{2ADFEF3D-262B-4483-BC4D-C61BAB70DB30}.Debug_VS2010|Any CPU.Build.0 = Debug|Any CPU
		{2ADFEF3D-262B-4483-BC4D-C61BAB70DB30}.Debug|Any CPU.ActiveCfg = Debug|Any CPU
		{2ADFEF3D-262B-4483-BC4D-C61BAB70DB30}.Debug|Any CPU.Build.0 = Debug|Any CPU
		{2ADFEF3D-262B-4483-BC4D-C61BAB70DB30}.Release_VS2010|Any CPU.ActiveCfg = Release|Any CPU
		{2ADFEF3D-262B-4483-BC4D-C61BAB70DB30}.Release_VS2010|Any CPU.Build.0 = Release|Any CPU
		{2ADFEF3D-262B-4483-BC4D-C61BAB70DB30}.Release|Any CPU.ActiveCfg = Release|Any CPU
		{2ADFEF3D-262B-4483-BC4D-C61BAB70DB30}.Release|Any CPU.Build.0 = Release|Any CPU
		{A685CCB6-29A4-4FC6-84FF-69F0EF2A7B28}.Debug_VS2010|Any CPU.ActiveCfg = Debug|Any CPU
		{A685CCB6-29A4-4FC6-84FF-69F0EF2A7B28}.Debug_VS2010|Any CPU.Build.0 = Debug|Any CPU
		{A685CCB6-29A4-4FC6-84FF-69F0EF2A7B28}.Debug|Any CPU.ActiveCfg = Debug|Any CPU
		{A685CCB6-29A4-4FC6-84FF-69F0EF2A7B28}.Debug|Any CPU.Build.0 = Debug|Any CPU
		{A685CCB6-29A4-4FC6-84FF-69F0EF2A7B28}.Release_VS2010|Any CPU.ActiveCfg = Release|Any CPU
		{A685CCB6-29A4-4FC6-84FF-69F0EF2A7B28}.Release_VS2010|Any CPU.Build.0 = Release|Any CPU
		{A685CCB6-29A4-4FC6-84FF-69F0EF2A7B28}.Release|Any CPU.ActiveCfg = Release|Any CPU
		{A685CCB6-29A4-4FC6-84FF-69F0EF2A7B28}.Release|Any CPU.Build.0 = Release|Any CPU
		{EAF047E8-A3EC-4F09-B215-CB7605B5ED4E}.Debug_VS2010|Any CPU.ActiveCfg = Debug|Any CPU
		{EAF047E8-A3EC-4F09-B215-CB7605B5ED4E}.Debug_VS2010|Any CPU.Build.0 = Debug|Any CPU
		{EAF047E8-A3EC-4F09-B215-CB7605B5ED4E}.Debug|Any CPU.ActiveCfg = Debug|Any CPU
		{EAF047E8-A3EC-4F09-B215-CB7605B5ED4E}.Debug|Any CPU.Build.0 = Debug|Any CPU
		{EAF047E8-A3EC-4F09-B215-CB7605B5ED4E}.Release_VS2010|Any CPU.ActiveCfg = Release|Any CPU
		{EAF047E8-A3EC-4F09-B215-CB7605B5ED4E}.Release_VS2010|Any CPU.Build.0 = Release|Any CPU
		{EAF047E8-A3EC-4F09-B215-CB7605B5ED4E}.Release|Any CPU.ActiveCfg = Release|Any CPU
		{EAF047E8-A3EC-4F09-B215-CB7605B5ED4E}.Release|Any CPU.Build.0 = Release|Any CPU
		{C75532C4-765B-418E-B09B-46D36B2ABDB1}.Debug_VS2010|Any CPU.ActiveCfg = Debug|Any CPU
		{C75532C4-765B-418E-B09B-46D36B2ABDB1}.Debug_VS2010|Any CPU.Build.0 = Debug|Any CPU
		{C75532C4-765B-418E-B09B-46D36B2ABDB1}.Debug|Any CPU.ActiveCfg = Debug|Any CPU
		{C75532C4-765B-418E-B09B-46D36B2ABDB1}.Debug|Any CPU.Build.0 = Debug|Any CPU
		{C75532C4-765B-418E-B09B-46D36B2ABDB1}.Release_VS2010|Any CPU.ActiveCfg = Release|Any CPU
		{C75532C4-765B-418E-B09B-46D36B2ABDB1}.Release_VS2010|Any CPU.Build.0 = Release|Any CPU
		{C75532C4-765B-418E-B09B-46D36B2ABDB1}.Release|Any CPU.ActiveCfg = Release|Any CPU
		{C75532C4-765B-418E-B09B-46D36B2ABDB1}.Release|Any CPU.Build.0 = Release|Any CPU
		{FB3E07AB-E0FA-4122-BE64-BFFEF510201B}.Debug_VS2010|Any CPU.ActiveCfg = Debug|Any CPU
		{FB3E07AB-E0FA-4122-BE64-BFFEF510201B}.Debug_VS2010|Any CPU.Build.0 = Debug|Any CPU
		{FB3E07AB-E0FA-4122-BE64-BFFEF510201B}.Debug|Any CPU.ActiveCfg = Debug|Any CPU
		{FB3E07AB-E0FA-4122-BE64-BFFEF510201B}.Debug|Any CPU.Build.0 = Debug|Any CPU
		{FB3E07AB-E0FA-4122-BE64-BFFEF510201B}.Release_VS2010|Any CPU.ActiveCfg = Release|Any CPU
		{FB3E07AB-E0FA-4122-BE64-BFFEF510201B}.Release_VS2010|Any CPU.Build.0 = Release|Any CPU
		{FB3E07AB-E0FA-4122-BE64-BFFEF510201B}.Release|Any CPU.ActiveCfg = Release|Any CPU
		{FB3E07AB-E0FA-4122-BE64-BFFEF510201B}.Release|Any CPU.Build.0 = Release|Any CPU
		{F9B6DABD-BBC1-4638-8CE6-A5C9506BFDCB}.Debug_VS2010|Any CPU.ActiveCfg = Debug|Any CPU
		{F9B6DABD-BBC1-4638-8CE6-A5C9506BFDCB}.Debug_VS2010|Any CPU.Build.0 = Debug|Any CPU
		{F9B6DABD-BBC1-4638-8CE6-A5C9506BFDCB}.Debug|Any CPU.ActiveCfg = Debug|Any CPU
		{F9B6DABD-BBC1-4638-8CE6-A5C9506BFDCB}.Debug|Any CPU.Build.0 = Debug|Any CPU
		{F9B6DABD-BBC1-4638-8CE6-A5C9506BFDCB}.Release_VS2010|Any CPU.ActiveCfg = Release|Any CPU
		{F9B6DABD-BBC1-4638-8CE6-A5C9506BFDCB}.Release_VS2010|Any CPU.Build.0 = Release|Any CPU
		{F9B6DABD-BBC1-4638-8CE6-A5C9506BFDCB}.Release|Any CPU.ActiveCfg = Release|Any CPU
		{F9B6DABD-BBC1-4638-8CE6-A5C9506BFDCB}.Release|Any CPU.Build.0 = Release|Any CPU
		{3F81C765-97F4-4369-845D-2E8F2A801A33}.Debug_VS2010|Any CPU.ActiveCfg = Debug|Any CPU
		{3F81C765-97F4-4369-845D-2E8F2A801A33}.Debug_VS2010|Any CPU.Build.0 = Debug|Any CPU
		{3F81C765-97F4-4369-845D-2E8F2A801A33}.Debug|Any CPU.ActiveCfg = Debug|Any CPU
		{3F81C765-97F4-4369-845D-2E8F2A801A33}.Debug|Any CPU.Build.0 = Debug|Any CPU
		{3F81C765-97F4-4369-845D-2E8F2A801A33}.Release_VS2010|Any CPU.ActiveCfg = Release|Any CPU
		{3F81C765-97F4-4369-845D-2E8F2A801A33}.Release_VS2010|Any CPU.Build.0 = Release|Any CPU
		{3F81C765-97F4-4369-845D-2E8F2A801A33}.Release|Any CPU.ActiveCfg = Release|Any CPU
		{3F81C765-97F4-4369-845D-2E8F2A801A33}.Release|Any CPU.Build.0 = Release|Any CPU
		{11F40A2E-732B-49B0-ACF4-8C96FA247BEE}.Debug_VS2010|Any CPU.ActiveCfg = Debug|Any CPU
		{11F40A2E-732B-49B0-ACF4-8C96FA247BEE}.Debug_VS2010|Any CPU.Build.0 = Debug|Any CPU
		{11F40A2E-732B-49B0-ACF4-8C96FA247BEE}.Debug|Any CPU.ActiveCfg = Debug|Any CPU
		{11F40A2E-732B-49B0-ACF4-8C96FA247BEE}.Debug|Any CPU.Build.0 = Debug|Any CPU
		{11F40A2E-732B-49B0-ACF4-8C96FA247BEE}.Release_VS2010|Any CPU.ActiveCfg = Release|Any CPU
		{11F40A2E-732B-49B0-ACF4-8C96FA247BEE}.Release_VS2010|Any CPU.Build.0 = Release|Any CPU
		{11F40A2E-732B-49B0-ACF4-8C96FA247BEE}.Release|Any CPU.ActiveCfg = Release|Any CPU
		{11F40A2E-732B-49B0-ACF4-8C96FA247BEE}.Release|Any CPU.Build.0 = Release|Any CPU
		{E5244985-6434-4EBC-A8B9-70CF181C6295}.Debug_VS2010|Any CPU.ActiveCfg = Debug|Any CPU
		{E5244985-6434-4EBC-A8B9-70CF181C6295}.Debug_VS2010|Any CPU.Build.0 = Debug|Any CPU
		{E5244985-6434-4EBC-A8B9-70CF181C6295}.Debug|Any CPU.ActiveCfg = Debug|Any CPU
		{E5244985-6434-4EBC-A8B9-70CF181C6295}.Debug|Any CPU.Build.0 = Debug|Any CPU
		{E5244985-6434-4EBC-A8B9-70CF181C6295}.Release_VS2010|Any CPU.ActiveCfg = Release|Any CPU
		{E5244985-6434-4EBC-A8B9-70CF181C6295}.Release_VS2010|Any CPU.Build.0 = Release|Any CPU
		{E5244985-6434-4EBC-A8B9-70CF181C6295}.Release|Any CPU.ActiveCfg = Release|Any CPU
		{E5244985-6434-4EBC-A8B9-70CF181C6295}.Release|Any CPU.Build.0 = Release|Any CPU
		{F113884B-523D-4EEC-A840-2C7297F51E37}.Debug_VS2010|Any CPU.ActiveCfg = Debug|Any CPU
		{F113884B-523D-4EEC-A840-2C7297F51E37}.Debug_VS2010|Any CPU.Build.0 = Debug|Any CPU
		{F113884B-523D-4EEC-A840-2C7297F51E37}.Debug|Any CPU.ActiveCfg = Debug|Any CPU
		{F113884B-523D-4EEC-A840-2C7297F51E37}.Debug|Any CPU.Build.0 = Debug|Any CPU
		{F113884B-523D-4EEC-A840-2C7297F51E37}.Release_VS2010|Any CPU.ActiveCfg = Release|Any CPU
		{F113884B-523D-4EEC-A840-2C7297F51E37}.Release_VS2010|Any CPU.Build.0 = Release|Any CPU
		{F113884B-523D-4EEC-A840-2C7297F51E37}.Release|Any CPU.ActiveCfg = Release|Any CPU
		{F113884B-523D-4EEC-A840-2C7297F51E37}.Release|Any CPU.Build.0 = Release|Any CPU
	EndGlobalSection
	GlobalSection(SolutionProperties) = preSolution
		HideSolutionNode = FALSE
	EndGlobalSection
EndGlobal
